
Microsoft Visual Studio Solution File, Format Version 12.00
# Visual Studio 15
VisualStudioVersion = 15.0.28307.572
MinimumVisualStudioVersion = 10.0.40219.1
Project("{FAE04EC0-301F-11D3-BF4B-00C04F79EFBC}") = "OnlineShop", "OnlineShop\OnlineShop.csproj", "{5B6DC5FA-352D-4074-A4B1-98DDB58AFA2D}"
EndProject
Project("{FAE04EC0-301F-11D3-BF4B-00C04F79EFBC}") = "Model", "Model\Model.csproj", "{3BE93509-FD3C-41F4-A43F-12F80DC870DA}"
EndProject
Project("{FAE04EC0-301F-11D3-BF4B-00C04F79EFBC}") = "Common", "Common\Common.csproj", "{D44E9E82-A314-4ED8-BCED-0E05DF72D761}"
EndProject
Global
	GlobalSection(SolutionConfigurationPlatforms) = preSolution
		Debug|Any CPU = Debug|Any CPU
		Release|Any CPU = Release|Any CPU
	EndGlobalSection
	GlobalSection(ProjectConfigurationPlatforms) = postSolution
		{5B6DC5FA-352D-4074-A4B1-98DDB58AFA2D}.Debug|Any CPU.ActiveCfg = Debug|Any CPU
		{5B6DC5FA-352D-4074-A4B1-98DDB58AFA2D}.Debug|Any CPU.Build.0 = Debug|Any CPU
		{5B6DC5FA-352D-4074-A4B1-98DDB58AFA2D}.Release|Any CPU.ActiveCfg = Release|Any CPU
		{5B6DC5FA-352D-4074-A4B1-98DDB58AFA2D}.Release|Any CPU.Build.0 = Release|Any CPU
		{3BE93509-FD3C-41F4-A43F-12F80DC870DA}.Debug|Any CPU.ActiveCfg = Debug|Any CPU
		{3BE93509-FD3C-41F4-A43F-12F80DC870DA}.Debug|Any CPU.Build.0 = Debug|Any CPU
		{3BE93509-FD3C-41F4-A43F-12F80DC870DA}.Release|Any CPU.ActiveCfg = Release|Any CPU
		{3BE93509-FD3C-41F4-A43F-12F80DC870DA}.Release|Any CPU.Build.0 = Release|Any CPU
		{D44E9E82-A314-4ED8-BCED-0E05DF72D761}.Debug|Any CPU.ActiveCfg = Debug|Any CPU
		{D44E9E82-A314-4ED8-BCED-0E05DF72D761}.Debug|Any CPU.Build.0 = Debug|Any CPU
		{D44E9E82-A314-4ED8-BCED-0E05DF72D761}.Release|Any CPU.ActiveCfg = Release|Any CPU
		{D44E9E82-A314-4ED8-BCED-0E05DF72D761}.Release|Any CPU.Build.0 = Release|Any CPU
	EndGlobalSection
	GlobalSection(SolutionProperties) = preSolution
		HideSolutionNode = FALSE
	EndGlobalSection
	GlobalSection(ExtensibilityGlobals) = postSolution
		SolutionGuid = {EDBDA99C-8A53-4DC6-A636-454DFD6DB02F}
	EndGlobalSection
EndGlobal
